
Microsoft Visual Studio Solution File, Format Version 12.00
# Visual Studio Version 17
VisualStudioVersion = 17.14.36221.1 d17.14
MinimumVisualStudioVersion = 10.0.40219.1
Project("{FAE04EC0-301F-11D3-BF4B-00C04F79EFBC}") = "Banking", "WinFormsApp1\Banking.csproj", "{4BF8D8BF-603F-41BD-997F-AD541BBAE2B6}"
EndProject
Global
	GlobalSection(SolutionConfigurationPlatforms) = preSolution
		Debug|Any CPU = Debug|Any CPU
		Release|Any CPU = Release|Any CPU
	EndGlobalSection
	GlobalSection(ProjectConfigurationPlatforms) = postSolution
		{4BF8D8BF-603F-41BD-997F-AD541BBAE2B6}.Debug|Any CPU.ActiveCfg = Debug|Any CPU
		{4BF8D8BF-603F-41BD-997F-AD541BBAE2B6}.Debug|Any CPU.Build.0 = Debug|Any CPU
		{4BF8D8BF-603F-41BD-997F-AD541BBAE2B6}.Release|Any CPU.ActiveCfg = Release|Any CPU
		{4BF8D8BF-603F-41BD-997F-AD541BBAE2B6}.Release|Any CPU.Build.0 = Release|Any CPU
	EndGlobalSection
	GlobalSection(SolutionProperties) = preSolution
		HideSolutionNode = FALSE
	EndGlobalSection
	GlobalSection(ExtensibilityGlobals) = postSolution
		SolutionGuid = {A30D5543-1930-4E32-9E19-4D8B3ED48230}
	EndGlobalSection
EndGlobal
